lockfileVersion: 5.4

specifiers:
  '@toast-ui/editor-plugin-code-syntax-highlight': ^3.1.0
  '@types/prismjs': ^1.26.0
  prismjs: ^1.29.0
  vite-plugin-prismjs: ^0.0.8

dependencies:
  '@toast-ui/editor-plugin-code-syntax-highlight': registry.npmmirror.com/@toast-ui/editor-plugin-code-syntax-highlight/3.1.0
  '@types/prismjs': registry.npmmirror.com/@types/prismjs/1.26.0
  prismjs: registry.npmmirror.com/prismjs/1.29.0
  vite-plugin-prismjs: registry.npmmirror.com/vite-plugin-prismjs/0.0.8_prismjs@1.29.0

packages:

  registry.npmmirror.com/@ampproject/remapping/2.2.1:
    resolution: {integrity: sha512-lFMjJTrFL3j7L9yBxwYfCq2k6qqwHyzuUl/XBnif78PWTJYyL/dfowQHWE3sp6U6ZzqWiiIZnpTMO96zhkjwtg==, registry: https://registry.npm.taobao.org/, tarball: https://registry.npmmirror.com/@ampproject/remapping/-/remapping-2.2.1.tgz}
    name: '@ampproject/remapping'
    version: 2.2.1
    engines: {node: '>=6.0.0'}
    dependencies:
      '@jridgewell/gen-mapping': registry.npmmirror.com/@jridgewell/gen-mapping/0.3.3
      '@jridgewell/trace-mapping': registry.npmmirror.com/@jridgewell/trace-mapping/0.3.19
    dev: false

  registry.npmmirror.com/@babel/code-frame/7.22.13:
    resolution: {integrity: sha512-XktuhWlJ5g+3TJXc5upd9Ks1HutSArik6jf2eAjYFyIOf4ej3RN+184cZbzDvbPnuTJIUhPKKJE3cIsYTiAT3w==, registry: https://registry.npm.taobao.org/, tarball: https://registry.npmmirror.com/@babel/code-frame/-/code-frame-7.22.13.tgz}
    name: '@babel/code-frame'
    version: 7.22.13
    engines: {node: '>=6.9.0'}
    dependencies:
      '@babel/highlight': registry.npmmirror.com/@babel/highlight/7.22.13
      chalk: registry.npmmirror.com/chalk/2.4.2
    dev: false

  registry.npmmirror.com/@babel/compat-data/7.22.9:
    resolution: {integrity: sha512-5UamI7xkUcJ3i9qVDS+KFDEK8/7oJ55/sJMB1Ge7IEapr7KfdfV/HErR+koZwOfd+SgtFKOKRhRakdg++DcJpQ==, registry: https://registry.npm.taobao.org/, tarball: https://registry.npmmirror.com/@babel/compat-data/-/compat-data-7.22.9.tgz}
    name: '@babel/compat-data'
    version: 7.22.9
    engines: {node: '>=6.9.0'}
    dev: false

  registry.npmmirror.com/@babel/core/7.22.17:
    resolution: {integrity: sha512-2EENLmhpwplDux5PSsZnSbnSkB3tZ6QTksgO25xwEL7pIDcNOMhF5v/s6RzwjMZzZzw9Ofc30gHv5ChCC8pifQ==, registry: https://registry.npm.taobao.org/, tarball: https://registry.npmmirror.com/@babel/core/-/core-7.22.17.tgz}
    name: '@babel/core'
    version: 7.22.17
    engines: {node: '>=6.9.0'}
    dependencies:
      '@ampproject/remapping': registry.npmmirror.com/@ampproject/remapping/2.2.1
      '@babel/code-frame': registry.npmmirror.com/@babel/code-frame/7.22.13
      '@babel/generator': registry.npmmirror.com/@babel/generator/7.22.15
      '@babel/helper-compilation-targets': registry.npmmirror.com/@babel/helper-compilation-targets/7.22.15
      '@babel/helper-module-transforms': registry.npmmirror.com/@babel/helper-module-transforms/7.22.17_@babel+core@7.22.17
      '@babel/helpers': registry.npmmirror.com/@babel/helpers/7.22.15
      '@babel/parser': registry.npmmirror.com/@babel/parser/7.22.16
      '@babel/template': registry.npmmirror.com/@babel/template/7.22.15
      '@babel/traverse': registry.npmmirror.com/@babel/traverse/7.22.17
      '@babel/types': registry.npmmirror.com/@babel/types/7.22.17
      convert-source-map: registry.npmmirror.com/convert-source-map/1.9.0
      debug: registry.npmmirror.com/debug/4.3.4
      gensync: registry.npmmirror.com/gensync/1.0.0-beta.2
      json5: registry.npmmirror.com/json5/2.2.3
      semver: registry.npmmirror.com/semver/6.3.1
    transitivePeerDependencies:
      - supports-color
    dev: false

  registry.npmmirror.com/@babel/generator/7.22.15:
    resolution: {integrity: sha512-Zu9oWARBqeVOW0dZOjXc3JObrzuqothQ3y/n1kUtrjCoCPLkXUwMvOo/F/TCfoHMbWIFlWwpZtkZVb9ga4U2pA==, registry: https://registry.npm.taobao.org/, tarball: https://registry.npmmirror.com/@babel/generator/-/generator-7.22.15.tgz}
    name: '@babel/generator'
    version: 7.22.15
    engines: {node: '>=6.9.0'}
    dependencies:
      '@babel/types': registry.npmmirror.com/@babel/types/7.22.17
      '@jridgewell/gen-mapping': registry.npmmirror.com/@jridgewell/gen-mapping/0.3.3
      '@jridgewell/trace-mapping': registry.npmmirror.com/@jridgewell/trace-mapping/0.3.19
      jsesc: registry.npmmirror.com/jsesc/2.5.2
    dev: false

  registry.npmmirror.com/@babel/helper-compilation-targets/7.22.15:
    resolution: {integrity: sha512-y6EEzULok0Qvz8yyLkCvVX+02ic+By2UdOhylwUOvOn9dvYc9mKICJuuU1n1XBI02YWsNsnrY1kc6DVbjcXbtw==, registry: https://registry.npm.taobao.org/, tarball: https://registry.npmmirror.com/@babel/helper-compilation-targets/-/helper-compilation-targets-7.22.15.tgz}
    name: '@babel/helper-compilation-targets'
    version: 7.22.15
    engines: {node: '>=6.9.0'}
    dependencies:
      '@babel/compat-data': registry.npmmirror.com/@babel/compat-data/7.22.9
      '@babel/helper-validator-option': registry.npmmirror.com/@babel/helper-validator-option/7.22.15
      browserslist: registry.npmmirror.com/browserslist/4.21.10
      lru-cache: registry.npmmirror.com/lru-cache/5.1.1
      semver: registry.npmmirror.com/semver/6.3.1
    dev: false

  registry.npmmirror.com/@babel/helper-environment-visitor/7.22.5:
    resolution: {integrity: sha512-XGmhECfVA/5sAt+H+xpSg0mfrHq6FzNr9Oxh7PSEBBRUb/mL7Kz3NICXb194rCqAEdxkhPT1a88teizAFyvk8Q==, registry: https://registry.npm.taobao.org/, tarball: https://registry.npmmirror.com/@babel/helper-environment-visitor/-/helper-environment-visitor-7.22.5.tgz}
    name: '@babel/helper-environment-visitor'
    version: 7.22.5
    engines: {node: '>=6.9.0'}
    dev: false

  registry.npmmirror.com/@babel/helper-function-name/7.22.5:
    resolution: {integrity: sha512-wtHSq6jMRE3uF2otvfuD3DIvVhOsSNshQl0Qrd7qC9oQJzHvOL4qQXlQn2916+CXGywIjpGuIkoyZRRxHPiNQQ==, registry: https://registry.npm.taobao.org/, tarball: https://registry.npmmirror.com/@babel/helper-function-name/-/helper-function-name-7.22.5.tgz}
    name: '@babel/helper-function-name'
    version: 7.22.5
    engines: {node: '>=6.9.0'}
    dependencies:
      '@babel/template': registry.npmmirror.com/@babel/template/7.22.15
      '@babel/types': registry.npmmirror.com/@babel/types/7.22.17
    dev: false

  registry.npmmirror.com/@babel/helper-hoist-variables/7.22.5:
    resolution: {integrity: sha512-wGjk9QZVzvknA6yKIUURb8zY3grXCcOZt+/7Wcy8O2uctxhplmUPkOdlgoNhmdVee2c92JXbf1xpMtVNbfoxRw==, registry: https://registry.npm.taobao.org/, tarball: https://registry.npmmirror.com/@babel/helper-hoist-variables/-/helper-hoist-variables-7.22.5.tgz}
    name: '@babel/helper-hoist-variables'
    version: 7.22.5
    engines: {node: '>=6.9.0'}
    dependencies:
      '@babel/types': registry.npmmirror.com/@babel/types/7.22.17
    dev: false

  registry.npmmirror.com/@babel/helper-module-imports/7.22.15:
    resolution: {integrity: sha512-0pYVBnDKZO2fnSPCrgM/6WMc7eS20Fbok+0r88fp+YtWVLZrp4CkafFGIp+W0VKw4a22sgebPT99y+FDNMdP4w==, registry: https://registry.npm.taobao.org/, tarball: https://registry.npmmirror.com/@babel/helper-module-imports/-/helper-module-imports-7.22.15.tgz}
    name: '@babel/helper-module-imports'
    version: 7.22.15
    engines: {node: '>=6.9.0'}
    dependencies:
      '@babel/types': registry.npmmirror.com/@babel/types/7.22.17
    dev: false

  registry.npmmirror.com/@babel/helper-module-transforms/7.22.17_@babel+core@7.22.17:
    resolution: {integrity: sha512-XouDDhQESrLHTpnBtCKExJdyY4gJCdrvH2Pyv8r8kovX2U8G0dRUOT45T9XlbLtuu9CLXP15eusnkprhoPV5iQ==, registry: https://registry.npm.taobao.org/, tarball: https://registry.npmmirror.com/@babel/helper-module-transforms/-/helper-module-transforms-7.22.17.tgz}
    id: registry.npmmirror.com/@babel/helper-module-transforms/7.22.17
    name: '@babel/helper-module-transforms'
    version: 7.22.17
    engines: {node: '>=6.9.0'}
    peerDependencies:
      '@babel/core': ^7.0.0
    dependencies:
      '@babel/core': registry.npmmirror.com/@babel/core/7.22.17
      '@babel/helper-environment-visitor': registry.npmmirror.com/@babel/helper-environment-visitor/7.22.5
      '@babel/helper-module-imports': registry.npmmirror.com/@babel/helper-module-imports/7.22.15
      '@babel/helper-simple-access': registry.npmmirror.com/@babel/helper-simple-access/7.22.5
      '@babel/helper-split-export-declaration': registry.npmmirror.com/@babel/helper-split-export-declaration/7.22.6
      '@babel/helper-validator-identifier': registry.npmmirror.com/@babel/helper-validator-identifier/7.22.15
    dev: false

  registry.npmmirror.com/@babel/helper-simple-access/7.22.5:
    resolution: {integrity: sha512-n0H99E/K+Bika3++WNL17POvo4rKWZ7lZEp1Q+fStVbUi8nxPQEBOlTmCOxW/0JsS56SKKQ+ojAe2pHKJHN35w==, registry: https://registry.npm.taobao.org/, tarball: https://registry.npmmirror.com/@babel/helper-simple-access/-/helper-simple-access-7.22.5.tgz}
    name: '@babel/helper-simple-access'
    version: 7.22.5
    engines: {node: '>=6.9.0'}
    dependencies:
      '@babel/types': registry.npmmirror.com/@babel/types/7.22.17
    dev: false

  registry.npmmirror.com/@babel/helper-split-export-declaration/7.22.6:
    resolution: {integrity: sha512-AsUnxuLhRYsisFiaJwvp1QF+I3KjD5FOxut14q/GzovUe6orHLesW2C7d754kRm53h5gqrz6sFl6sxc4BVtE/g==, registry: https://registry.npm.taobao.org/, tarball: https://registry.npmmirror.com/@babel/helper-split-export-declaration/-/helper-split-export-declaration-7.22.6.tgz}
    name: '@babel/helper-split-export-declaration'
    version: 7.22.6
    engines: {node: '>=6.9.0'}
    dependencies:
      '@babel/types': registry.npmmirror.com/@babel/types/7.22.17
    dev: false

  registry.npmmirror.com/@babel/helper-string-parser/7.22.5:
    resolution: {integrity: sha512-mM4COjgZox8U+JcXQwPijIZLElkgEpO5rsERVDJTc2qfCDfERyob6k5WegS14SX18IIjv+XD+GrqNumY5JRCDw==, registry: https://registry.npm.taobao.org/, tarball: https://registry.npmmirror.com/@babel/helper-string-parser/-/helper-string-parser-7.22.5.tgz}
    name: '@babel/helper-string-parser'
    version: 7.22.5
    engines: {node: '>=6.9.0'}
    dev: false

  registry.npmmirror.com/@babel/helper-validator-identifier/7.22.15:
    resolution: {integrity: sha512-4E/F9IIEi8WR94324mbDUMo074YTheJmd7eZF5vITTeYchqAi6sYXRLHUVsmkdmY4QjfKTcB2jB7dVP3NaBElQ==, registry: https://registry.npm.taobao.org/, tarball: https://registry.npmmirror.com/@babel/helper-validator-identifier/-/helper-validator-identifier-7.22.15.tgz}
    name: '@babel/helper-validator-identifier'
    version: 7.22.15
    engines: {node: '>=6.9.0'}
    dev: false

  registry.npmmirror.com/@babel/helper-validator-option/7.22.15:
    resolution: {integrity: sha512-bMn7RmyFjY/mdECUbgn9eoSY4vqvacUnS9i9vGAGttgFWesO6B4CYWA7XlpbWgBt71iv/hfbPlynohStqnu5hA==, registry: https://registry.npm.taobao.org/, tarball: https://registry.npmmirror.com/@babel/helper-validator-option/-/helper-validator-option-7.22.15.tgz}
    name: '@babel/helper-validator-option'
    version: 7.22.15
    engines: {node: '>=6.9.0'}
    dev: false

  registry.npmmirror.com/@babel/helpers/7.22.15:
    resolution: {integrity: sha512-7pAjK0aSdxOwR+CcYAqgWOGy5dcfvzsTIfFTb2odQqW47MDfv14UaJDY6eng8ylM2EaeKXdxaSWESbkmaQHTmw==, registry: https://registry.npm.taobao.org/, tarball: https://registry.npmmirror.com/@babel/helpers/-/helpers-7.22.15.tgz}
    name: '@babel/helpers'
    version: 7.22.15
    engines: {node: '>=6.9.0'}
    dependencies:
      '@babel/template': registry.npmmirror.com/@babel/template/7.22.15
      '@babel/traverse': registry.npmmirror.com/@babel/traverse/7.22.17
      '@babel/types': registry.npmmirror.com/@babel/types/7.22.17
    transitivePeerDependencies:
      - supports-color
    dev: false

  registry.npmmirror.com/@babel/highlight/7.22.13:
    resolution: {integrity: sha512-C/BaXcnnvBCmHTpz/VGZ8jgtE2aYlW4hxDhseJAWZb7gqGM/qtCK6iZUb0TyKFf7BOUsBH7Q7fkRsDRhg1XklQ==, registry: https://registry.npm.taobao.org/, tarball: https://registry.npmmirror.com/@babel/highlight/-/highlight-7.22.13.tgz}
    name: '@babel/highlight'
    version: 7.22.13
    engines: {node: '>=6.9.0'}
    dependencies:
      '@babel/helper-validator-identifier': registry.npmmirror.com/@babel/helper-validator-identifier/7.22.15
      chalk: registry.npmmirror.com/chalk/2.4.2
      js-tokens: registry.npmmirror.com/js-tokens/4.0.0
    dev: false

  registry.npmmirror.com/@babel/parser/7.22.16:
    resolution: {integrity: sha512-+gPfKv8UWeKKeJTUxe59+OobVcrYHETCsORl61EmSkmgymguYk/X5bp7GuUIXaFsc6y++v8ZxPsLSSuujqDphA==, registry: https://registry.npm.taobao.org/, tarball: https://registry.npmmirror.com/@babel/parser/-/parser-7.22.16.tgz}
    name: '@babel/parser'
    version: 7.22.16
    engines: {node: '>=6.0.0'}
    hasBin: true
    dependencies:
      '@babel/types': registry.npmmirror.com/@babel/types/7.22.17
    dev: false

  registry.npmmirror.com/@babel/template/7.22.15:
    resolution: {integrity: sha512-QPErUVm4uyJa60rkI73qneDacvdvzxshT3kksGqlGWYdOTIUOwJ7RDUL8sGqslY1uXWSL6xMFKEXDS3ox2uF0w==, registry: https://registry.npm.taobao.org/, tarball: https://registry.npmmirror.com/@babel/template/-/template-7.22.15.tgz}
    name: '@babel/template'
    version: 7.22.15
    engines: {node: '>=6.9.0'}
    dependencies:
      '@babel/code-frame': registry.npmmirror.com/@babel/code-frame/7.22.13
      '@babel/parser': registry.npmmirror.com/@babel/parser/7.22.16
      '@babel/types': registry.npmmirror.com/@babel/types/7.22.17
    dev: false

  registry.npmmirror.com/@babel/traverse/7.22.17:
    resolution: {integrity: sha512-xK4Uwm0JnAMvxYZxOVecss85WxTEIbTa7bnGyf/+EgCL5Zt3U7htUpEOWv9detPlamGKuRzCqw74xVglDWpPdg==, registry: https://registry.npm.taobao.org/, tarball: https://registry.npmmirror.com/@babel/traverse/-/traverse-7.22.17.tgz}
    name: '@babel/traverse'
    version: 7.22.17
    engines: {node: '>=6.9.0'}
    dependencies:
      '@babel/code-frame': registry.npmmirror.com/@babel/code-frame/7.22.13
      '@babel/generator': registry.npmmirror.com/@babel/generator/7.22.15
      '@babel/helper-environment-visitor': registry.npmmirror.com/@babel/helper-environment-visitor/7.22.5
      '@babel/helper-function-name': registry.npmmirror.com/@babel/helper-function-name/7.22.5
      '@babel/helper-hoist-variables': registry.npmmirror.com/@babel/helper-hoist-variables/7.22.5
      '@babel/helper-split-export-declaration': registry.npmmirror.com/@babel/helper-split-export-declaration/7.22.6
      '@babel/parser': registry.npmmirror.com/@babel/parser/7.22.16
      '@babel/types': registry.npmmirror.com/@babel/types/7.22.17
      debug: registry.npmmirror.com/debug/4.3.4
      globals: registry.npmmirror.com/globals/11.12.0
    transitivePeerDependencies:
      - supports-color
    dev: false

  registry.npmmirror.com/@babel/types/7.22.17:
    resolution: {integrity: sha512-YSQPHLFtQNE5xN9tHuZnzu8vPr61wVTBZdfv1meex1NBosa4iT05k/Jw06ddJugi4bk7The/oSwQGFcksmEJQg==, registry: https://registry.npm.taobao.org/, tarball: https://registry.npmmirror.com/@babel/types/-/types-7.22.17.tgz}
    name: '@babel/types'
    version: 7.22.17
    engines: {node: '>=6.9.0'}
    dependencies:
      '@babel/helper-string-parser': registry.npmmirror.com/@babel/helper-string-parser/7.22.5
      '@babel/helper-validator-identifier': registry.npmmirror.com/@babel/helper-validator-identifier/7.22.15
      to-fast-properties: registry.npmmirror.com/to-fast-properties/2.0.0
    dev: false

  registry.npmmirror.com/@jridgewell/gen-mapping/0.3.3:
    resolution: {integrity: sha512-HLhSWOLRi875zjjMG/r+Nv0oCW8umGb0BgEhyX3dDX3egwZtB8PqLnjz3yedt8R5StBrzcg4aBpnh8UA9D1BoQ==, registry: https://registry.npm.taobao.org/, tarball: https://registry.npmmirror.com/@jridgewell/gen-mapping/-/gen-mapping-0.3.3.tgz}
    name: '@jridgewell/gen-mapping'
    version: 0.3.3
    engines: {node: '>=6.0.0'}
    dependencies:
      '@jridgewell/set-array': registry.npmmirror.com/@jridgewell/set-array/1.1.2
      '@jridgewell/sourcemap-codec': registry.npmmirror.com/@jridgewell/sourcemap-codec/1.4.15
      '@jridgewell/trace-mapping': registry.npmmirror.com/@jridgewell/trace-mapping/0.3.19
    dev: false

  registry.npmmirror.com/@jridgewell/resolve-uri/3.1.1:
    resolution: {integrity: sha512-dSYZh7HhCDtCKm4QakX0xFpsRDqjjtZf/kjI/v3T3Nwt5r8/qz/M19F9ySyOqU94SXBmeG9ttTul+YnR4LOxFA==, registry: https://registry.npm.taobao.org/, tarball: https://registry.npmmirror.com/@jridgewell/resolve-uri/-/resolve-uri-3.1.1.tgz}
    name: '@jridgewell/resolve-uri'
    version: 3.1.1
    engines: {node: '>=6.0.0'}
    dev: false

  registry.npmmirror.com/@jridgewell/set-array/1.1.2:
    resolution: {integrity: sha512-xnkseuNADM0gt2bs+BvhO0p78Mk762YnZdsuzFV018NoG1Sj1SCQvpSqa7XUaTam5vAGasABV9qXASMKnFMwMw==, registry: https://registry.npm.taobao.org/, tarball: https://registry.npmmirror.com/@jridgewell/set-array/-/set-array-1.1.2.tgz}
    name: '@jridgewell/set-array'
    version: 1.1.2
    engines: {node: '>=6.0.0'}
    dev: false

  registry.npmmirror.com/@jridgewell/sourcemap-codec/1.4.15:
    resolution: {integrity: sha512-eF2rxCRulEKXHTRiDrDy6erMYWqNw4LPdQ8UQA4huuxaQsVeRPFl2oM8oDGxMFhJUWZf9McpLtJasDDZb/Bpeg==, registry: https://registry.npm.taobao.org/, tarball: https://registry.npmmirror.com/@jridgewell/sourcemap-codec/-/sourcemap-codec-1.4.15.tgz}
    name: '@jridgewell/sourcemap-codec'
    version: 1.4.15
    dev: false

  registry.npmmirror.com/@jridgewell/trace-mapping/0.3.19:
    resolution: {integrity: sha512-kf37QtfW+Hwx/buWGMPcR60iF9ziHa6r/CZJIHbmcm4+0qrXiVdxegAH0F6yddEVQ7zdkjcGCgCzUu+BcbhQxw==, registry: https://registry.npm.taobao.org/, tarball: https://registry.npmmirror.com/@jridgewell/trace-mapping/-/trace-mapping-0.3.19.tgz}
    name: '@jridgewell/trace-mapping'
    version: 0.3.19
    dependencies:
      '@jridgewell/resolve-uri': registry.npmmirror.com/@jridgewell/resolve-uri/3.1.1
      '@jridgewell/sourcemap-codec': registry.npmmirror.com/@jridgewell/sourcemap-codec/1.4.15
    dev: false

  registry.npmmirror.com/@toast-ui/editor-plugin-code-syntax-highlight/3.1.0:
    resolution: {integrity: sha512-OgX5pZiTnHREoTTXDAFu1k6RzEspGOxeJNRlt/Lnoi1GvLbIpUTTbBcls9becpXT/Qdls++8G3r5C60cVdellA==, registry: https://registry.npm.taobao.org/, tarball: https://registry.npmmirror.com/@toast-ui/editor-plugin-code-syntax-highlight/-/editor-plugin-code-syntax-highlight-3.1.0.tgz}
    name: '@toast-ui/editor-plugin-code-syntax-highlight'
    version: 3.1.0
    dependencies:
      prismjs: registry.npmmirror.com/prismjs/1.29.0
    dev: false

  registry.npmmirror.com/@types/prismjs/1.26.0:
    resolution: {integrity: sha512-ZTaqn/qSqUuAq1YwvOFQfVW1AR/oQJlLSZVustdjwI+GZ8kr0MSHBj0tsXPW1EqHubx50gtBEjbPGsdZwQwCjQ==, registry: https://registry.npm.taobao.org/, tarball: https://registry.npmmirror.com/@types/prismjs/-/prismjs-1.26.0.tgz}
    name: '@types/prismjs'
    version: 1.26.0
    dev: false

  registry.npmmirror.com/ansi-styles/3.2.1:
    resolution: {integrity: sha512-VT0ZI6kZRdTh8YyJw3SMbYm/u+NqfsAxEpWO0Pf9sq8/e94WxxOpPKx9FR1FlyCtOVDNOQ+8ntlqFxiRc+r5qA==, registry: https://registry.npm.taobao.org/, tarball: https://registry.npmmirror.com/ansi-styles/-/ansi-styles-3.2.1.tgz}
    name: ansi-styles
    version: 3.2.1
    engines: {node: '>=4'}
    dependencies:
      color-convert: registry.npmmirror.com/color-convert/1.9.3
    dev: false

  registry.npmmirror.com/babel-plugin-prismjs/2.1.0_prismjs@1.29.0:
    resolution: {integrity: sha512-ehzSKYfeAz4U78zi/sfwsjDPlq0LvDKxNefcZTJ/iKBu+plsHsLqZhUeGf1+82LAcA35UZGbU6ksEx2Utphc/g==, registry: https://registry.npm.taobao.org/, tarball: https://registry.npmmirror.com/babel-plugin-prismjs/-/babel-plugin-prismjs-2.1.0.tgz}
    id: registry.npmmirror.com/babel-plugin-prismjs/2.1.0
    name: babel-plugin-prismjs
    version: 2.1.0
    peerDependencies:
      prismjs: ^1.18.0
    dependencies:
      prismjs: registry.npmmirror.com/prismjs/1.29.0
    dev: false

  registry.npmmirror.com/browserslist/4.21.10:
    resolution: {integrity: sha512-bipEBdZfVH5/pwrvqc+Ub0kUPVfGUhlKxbvfD+z1BDnPEO/X98ruXGA1WP5ASpAFKan7Qr6j736IacbZQuAlKQ==, registry: https://registry.npm.taobao.org/, tarball: https://registry.npmmirror.com/browserslist/-/browserslist-4.21.10.tgz}
    name: browserslist
    version: 4.21.10
    engines: {node: ^6 || ^7 || ^8 || ^9 || ^10 || ^11 || ^12 || >=13.7}
    hasBin: true
    dependencies:
      caniuse-lite: registry.npmmirror.com/caniuse-lite/1.0.30001532
      electron-to-chromium: registry.npmmirror.com/electron-to-chromium/1.4.513
      node-releases: registry.npmmirror.com/node-releases/2.0.13
      update-browserslist-db: registry.npmmirror.com/update-browserslist-db/1.0.11_browserslist@4.21.10
    dev: false

  registry.npmmirror.com/caniuse-lite/1.0.30001532:
    resolution: {integrity: sha512-FbDFnNat3nMnrROzqrsg314zhqN5LGQ1kyyMk2opcrwGbVGpHRhgCWtAgD5YJUqNAiQ+dklreil/c3Qf1dfCTw==, registry: https://registry.npm.taobao.org/, tarball: https://registry.npmmirror.com/caniuse-lite/-/caniuse-lite-1.0.30001532.tgz}
    name: caniuse-lite
    version: 1.0.30001532
    dev: false

  registry.npmmirror.com/chalk/2.4.2:
    resolution: {integrity: sha512-Mti+f9lpJNcwF4tWV8/OrTTtF1gZi+f8FqlyAdouralcFWFQWF2+NgCHShjkCb+IFBLq9buZwE1xckQU4peSuQ==, registry: https://registry.npm.taobao.org/, tarball: https://registry.npmmirror.com/chalk/-/chalk-2.4.2.tgz}
    name: chalk
    version: 2.4.2
    engines: {node: '>=4'}
    dependencies:
      ansi-styles: registry.npmmirror.com/ansi-styles/3.2.1
      escape-string-regexp: registry.npmmirror.com/escape-string-regexp/1.0.5
      supports-color: registry.npmmirror.com/supports-color/5.5.0
    dev: false

  registry.npmmirror.com/color-convert/1.9.3:
    resolution: {integrity: sha512-QfAUtd+vFdAtFQcC8CCyYt1fYWxSqAiK2cSD6zDB8N3cpsEBAvRxp9zOGg6G/SHHJYAT88/az/IuDGALsNVbGg==, registry: https://registry.npm.taobao.org/, tarball: https://registry.npmmirror.com/color-convert/-/color-convert-1.9.3.tgz}
    name: color-convert
    version: 1.9.3
    dependencies:
      color-name: registry.npmmirror.com/color-name/1.1.3
    dev: false

  registry.npmmirror.com/color-name/1.1.3:
    resolution: {integrity: sha512-72fSenhMw2HZMTVHeCA9KCmpEIbzWiQsjN+BHcBbS9vr1mtt+vJjPdksIBNUmKAW8TFUDPJK5SUU3QhE9NEXDw==, registry: https://registry.npm.taobao.org/, tarball: https://registry.npmmirror.com/color-name/-/color-name-1.1.3.tgz}
    name: color-name
    version: 1.1.3
    dev: false

  registry.npmmirror.com/convert-source-map/1.9.0:
    resolution: {integrity: sha512-ASFBup0Mz1uyiIjANan1jzLQami9z1PoYSZCiiYW2FczPbenXc45FZdBZLzOT+r6+iciuEModtmCti+hjaAk0A==, registry: https://registry.npm.taobao.org/, tarball: https://registry.npmmirror.com/convert-source-map/-/convert-source-map-1.9.0.tgz}
    name: convert-source-map
    version: 1.9.0
    dev: false

  registry.npmmirror.com/debug/4.3.4:
    resolution: {integrity: sha512-PRWFHuSU3eDtQJPvnNY7Jcket1j0t5OuOsFzPPzsekD52Zl8qUfFIPEiswXqIvHWGVHOgX+7G/vCNNhehwxfkQ==, registry: https://registry.npm.taobao.org/, tarball: https://registry.npmmirror.com/debug/-/debug-4.3.4.tgz}
    name: debug
    version: 4.3.4
    engines: {node: '>=6.0'}
    peerDependencies:
      supports-color: '*'
    peerDependenciesMeta:
      supports-color:
        optional: true
    dependencies:
      ms: registry.npmmirror.com/ms/2.1.2
    dev: false

  registry.npmmirror.com/electron-to-chromium/1.4.513:
    resolution: {integrity: sha512-cOB0xcInjm+E5qIssHeXJ29BaUyWpMyFKT5RB3bsLENDheCja0wMkHJyiPl0NBE/VzDI7JDuNEQWhe6RitEUcw==, registry: https://registry.npm.taobao.org/, tarball: https://registry.npmmirror.com/electron-to-chromium/-/electron-to-chromium-1.4.513.tgz}
    name: electron-to-chromium
    version: 1.4.513
    dev: false

  registry.npmmirror.com/escalade/3.1.1:
    resolution: {integrity: sha512-k0er2gUkLf8O0zKJiAhmkTnJlTvINGv7ygDNPbeIsX/TJjGJZHuh9B2UxbsaEkmlEo9MfhrSzmhIlhRlI2GXnw==, registry: https://registry.npm.taobao.org/, tarball: https://registry.npmmirror.com/escalade/-/escalade-3.1.1.tgz}
    name: escalade
    version: 3.1.1
    engines: {node: '>=6'}
    dev: false

  registry.npmmirror.com/escape-string-regexp/1.0.5:
    resolution: {integrity: sha512-vbRorB5FUQWvla16U8R/qgaFIya2qGzwDrNmCZuYKrbdSUMG6I1ZCGQRefkRVhuOkIGVne7BQ35DSfo1qvJqFg==, registry: https://registry.npm.taobao.org/, tarball: https://registry.npmmirror.com/escape-string-regexp/-/escape-string-regexp-1.0.5.tgz}
    name: escape-string-regexp
    version: 1.0.5
    engines: {node: '>=0.8.0'}
    dev: false

  registry.npmmirror.com/gensync/1.0.0-beta.2:
    resolution: {integrity: sha512-3hN7NaskYvMDLQY55gnW3NQ+mesEAepTqlg+VEbj7zzqEMBVNhzcGYYeqFo/TlYz6eQiFcp1HcsCZO+nGgS8zg==, registry: https://registry.npm.taobao.org/, tarball: https://registry.npmmirror.com/gensync/-/gensync-1.0.0-beta.2.tgz}
    name: gensync
    version: 1.0.0-beta.2
    engines: {node: '>=6.9.0'}
    dev: false

  registry.npmmirror.com/globals/11.12.0:
    resolution: {integrity: sha512-WOBp/EEGUiIsJSp7wcv/y6MO+lV9UoncWqxuFfm8eBwzWNgyfBd6Gz+IeKQ9jCmyhoH99g15M3T+QaVHFjizVA==, registry: https://registry.npm.taobao.org/, tarball: https://registry.npmmirror.com/globals/-/globals-11.12.0.tgz}
    name: globals
    version: 11.12.0
    engines: {node: '>=4'}
    dev: false

  registry.npmmirror.com/has-flag/3.0.0:
    resolution: {integrity: sha512-sKJf1+ceQBr4SMkvQnBDNDtf4TXpVhVGateu0t918bl30FnbE2m4vNLX+VWe/dpjlb+HugGYzW7uQXH98HPEYw==, registry: https://registry.npm.taobao.org/, tarball: https://registry.npmmirror.com/has-flag/-/has-flag-3.0.0.tgz}
    name: has-flag
    version: 3.0.0
    engines: {node: '>=4'}
    dev: false

  registry.npmmirror.com/js-tokens/4.0.0:
    resolution: {integrity: sha512-RdJUflcE3cUzKiMqQgsCu06FPu9UdIJO0beYbPhHN4k6apgJtifcoCtT9bcxOpYBtpD2kCM6Sbzg4CausW/PKQ==, registry: https://registry.npm.taobao.org/, tarball: https://registry.npmmirror.com/js-tokens/-/js-tokens-4.0.0.tgz}
    name: js-tokens
    version: 4.0.0
    dev: false

  registry.npmmirror.com/jsesc/2.5.2:
    resolution: {integrity: sha512-OYu7XEzjkCQ3C5Ps3QIZsQfNpqoJyZZA99wd9aWd05NCtC5pWOkShK2mkL6HXQR6/Cy2lbNdPlZBpuQHXE63gA==, registry: https://registry.npm.taobao.org/, tarball: https://registry.npmmirror.com/jsesc/-/jsesc-2.5.2.tgz}
    name: jsesc
    version: 2.5.2
    engines: {node: '>=4'}
    hasBin: true
    dev: false

  registry.npmmirror.com/json5/2.2.3:
    resolution: {integrity: sha512-XmOWe7eyHYH14cLdVPoyg+GOH3rYX++KpzrylJwSW98t3Nk+U8XOl8FWKOgwtzdb8lXGf6zYwDUzeHMWfxasyg==, registry: https://registry.npm.taobao.org/, tarball: https://registry.npmmirror.com/json5/-/json5-2.2.3.tgz}
    name: json5
    version: 2.2.3
    engines: {node: '>=6'}
    hasBin: true
    dev: false

  registry.npmmirror.com/lru-cache/5.1.1:
    resolution: {integrity: sha512-KpNARQA3Iwv+jTA0utUVVbrh+Jlrr1Fv0e56GGzAFOXN7dk/FviaDW8LHmK52DlcH4WP2n6gI8vN1aesBFgo9w==, registry: https://registry.npm.taobao.org/, tarball: https://registry.npmmirror.com/lru-cache/-/lru-cache-5.1.1.tgz}
    name: lru-cache
    version: 5.1.1
    dependencies:
      yallist: registry.npmmirror.com/yallist/3.1.1
    dev: false

  registry.npmmirror.com/ms/2.1.2:
    resolution: {integrity: sha512-sGkPx+VjMtmA6MX27oA4FBFELFCZZ4S4XqeGOXCv68tT+jb3vk/RyaKWP0PTKyWtmLSM0b+adUTEvbs1PEaH2w==, registry: https://registry.npm.taobao.org/, tarball: https://registry.npmmirror.com/ms/-/ms-2.1.2.tgz}
    name: ms
    version: 2.1.2
    dev: false

  registry.npmmirror.com/node-releases/2.0.13:
    resolution: {integrity: sha512-uYr7J37ae/ORWdZeQ1xxMJe3NtdmqMC/JZK+geofDrkLUApKRHPd18/TxtBOJ4A0/+uUIliorNrfYV6s1b02eQ==, registry: https://registry.npm.taobao.org/, tarball: https://registry.npmmirror.com/node-releases/-/node-releases-2.0.13.tgz}
    name: node-releases
    version: 2.0.13
    dev: false

  registry.npmmirror.com/picocolors/1.0.0:
    resolution: {integrity: sha512-1fygroTLlHu66zi26VoTDv8yRgm0Fccecssto+MhsZ0D/DGW2sm8E8AjW7NU5VVTRt5GxbeZ5qBuJr+HyLYkjQ==, registry: https://registry.npm.taobao.org/, tarball: https://registry.npmmirror.com/picocolors/-/picocolors-1.0.0.tgz}
    name: picocolors
    version: 1.0.0
    dev: false

  registry.npmmirror.com/prismjs/1.29.0:
    resolution: {integrity: sha512-Kx/1w86q/epKcmte75LNrEoT+lX8pBpavuAbvJWRXar7Hz8jrtF+e3vY751p0R8H9HdArwaCTNDDzHg/ScJK1Q==, registry: https://registry.npm.taobao.org/, tarball: https://registry.npmmirror.com/prismjs/-/prismjs-1.29.0.tgz}
    name: prismjs
    version: 1.29.0
    engines: {node: '>=6'}
    dev: false

  registry.npmmirror.com/semver/6.3.1:
    resolution: {integrity: sha512-BR7VvDCVHO+q2xBEWskxS6DJE1qRnb7DxzUrogb71CWoSficBxYsiAGd+Kl0mmq/MprG9yArRkyrQxTO6XjMzA==, registry: https://registry.npm.taobao.org/, tarball: https://registry.npmmirror.com/semver/-/semver-6.3.1.tgz}
    name: semver
    version: 6.3.1
    hasBin: true
    dev: false

  registry.npmmirror.com/supports-color/5.5.0:
    resolution: {integrity: sha512-QjVjwdXIt408MIiAqCX4oUKsgU2EqAGzs2Ppkm4aQYbjm+ZEWEcW4SfFNTr4uMNZma0ey4f5lgLrkB0aX0QMow==, registry: https://registry.npm.taobao.org/, tarball: https://registry.npmmirror.com/supports-color/-/supports-color-5.5.0.tgz}
    name: supports-color
    version: 5.5.0
    engines: {node: '>=4'}
    dependencies:
      has-flag: registry.npmmirror.com/has-flag/3.0.0
    dev: false

  registry.npmmirror.com/to-fast-properties/2.0.0:
    resolution: {integrity: sha512-/OaKK0xYrs3DmxRYqL/yDc+FxFUVYhDlXMhRmv3z915w2HF1tnN1omB354j8VUGO/hbRzyD6Y3sA7v7GS/ceog==, registry: https://registry.npm.taobao.org/, tarball: https://registry.npmmirror.com/to-fast-properties/-/to-fast-properties-2.0.0.tgz}
    name: to-fast-properties
    version: 2.0.0
    engines: {node: '>=4'}
    dev: false

  registry.npmmirror.com/update-browserslist-db/1.0.11_browserslist@4.21.10:
    resolution: {integrity: sha512-dCwEFf0/oT85M1fHBg4F0jtLwJrutGoHSQXCh7u4o2t1drG+c0a9Flnqww6XUKSfQMPpJBRjU8d4RXB09qtvaA==, registry: https://registry.npm.taobao.org/, tarball: https://registry.npmmirror.com/update-browserslist-db/-/update-browserslist-db-1.0.11.tgz}
    id: registry.npmmirror.com/update-browserslist-db/1.0.11
    name: update-browserslist-db
    version: 1.0.11
    hasBin: true
    peerDependencies:
      browserslist: '>= 4.21.0'
    dependencies:
      browserslist: registry.npmmirror.com/browserslist/4.21.10
      escalade: registry.npmmirror.com/escalade/3.1.1
      picocolors: registry.npmmirror.com/picocolors/1.0.0
    dev: false

  registry.npmmirror.com/vite-plugin-prismjs/0.0.8_prismjs@1.29.0:
    resolution: {integrity: sha512-mBPPMS/hwVUArdqCtp/oajZT7iq1qwJDDCciNZ3R5+Q5tQUuUHXtDKuZHYnklPLElNbENf2FyuOtC4FrgxQRAA==, registry: https://registry.npm.taobao.org/, tarball: https://registry.npmmirror.com/vite-plugin-prismjs/-/vite-plugin-prismjs-0.0.8.tgz}
    id: registry.npmmirror.com/vite-plugin-prismjs/0.0.8
    name: vite-plugin-prismjs
    version: 0.0.8
    engines: {node: '>=12.0.0'}
    dependencies:
      '@babel/core': registry.npmmirror.com/@babel/core/7.22.17
      babel-plugin-prismjs: registry.npmmirror.com/babel-plugin-prismjs/2.1.0_prismjs@1.29.0
    transitivePeerDependencies:
      - prismjs
      - supports-color
    dev: false

  registry.npmmirror.com/yallist/3.1.1:
    resolution: {integrity: sha512-a4UGQaWPH59mOXUYnAG2ewncQS4i4F43Tv3JoAM+s2VDAmS9NsK8GpDMLrCHPksFT7h3K6TOoUNn2pb7RoXx4g==, registry: https://registry.npm.taobao.org/, tarball: https://registry.npmmirror.com/yallist/-/yallist-3.1.1.tgz}
    name: yallist
    version: 3.1.1
    dev: false
